// !$*UTF8*$!
{
	archiveVersion = 1;
	classes = {
	};
	objectVersion = 50;
	objects = {

/* Begin PBXBuildFile section */
		651BF43E2496D7230054CCA5 /* AppDelegate.swift in Sources */ = {isa = PBXBuildFile; fileRef = 651BF43D2496D7230054CCA5 /* AppDelegate.swift */; };
		651BF4402496D7230054CCA5 /* SceneDelegate.swift in Sources */ = {isa = PBXBuildFile; fileRef = 651BF43F2496D7230054CCA5 /* SceneDelegate.swift */; };
		651BF4422496D7230054CCA5 /* ContentView.swift in Sources */ = {isa = PBXBuildFile; fileRef = 651BF4412496D7230054CCA5 /* ContentView.swift */; };
		651BF4442496D7240054CCA5 /* Assets.xcassets in Resources */ = {isa = PBXBuildFile; fileRef = 651BF4432496D7240054CCA5 /* Assets.xcassets */; };
		651BF4472496D7240054CCA5 /* Preview Assets.xcassets in Resources */ = {isa = PBXBuildFile; fileRef = 651BF4462496D7240054CCA5 /* Preview Assets.xcassets */; };
		651BF44A2496D7240054CCA5 /* LaunchScreen.storyboard in Resources */ = {isa = PBXBuildFile; fileRef = 651BF4482496D7240054CCA5 /* LaunchScreen.storyboard */; };
		651BF4542496D7930054CCA5 /* Bonus.swift in Sources */ = {isa = PBXBuildFile; fileRef = 651BF4532496D7930054CCA5 /* Bonus.swift */; };
		651BF4562496D79C0054CCA5 /* Data.swift in Sources */ = {isa = PBXBuildFile; fileRef = 651BF4552496D79C0054CCA5 /* Data.swift */; };
		651BF4582496D7CC0054CCA5 /* pointValuesBMR.json in Resources */ = {isa = PBXBuildFile; fileRef = 651BF4572496D7CC0054CCA5 /* pointValuesBMR.json */; };
		651BF45A2496D7F80054CCA5 /* BonusButton.swift in Sources */ = {isa = PBXBuildFile; fileRef = 651BF4592496D7F80054CCA5 /* BonusButton.swift */; };
		651BF45C2496DB8D0054CCA5 /* GridBuilder.swift in Sources */ = {isa = PBXBuildFile; fileRef = 651BF45B2496DB8D0054CCA5 /* GridBuilder.swift */; };
		651BF45E2496DCF00054CCA5 /* bonusList.swift in Sources */ = {isa = PBXBuildFile; fileRef = 651BF45D2496DCF00054CCA5 /* bonusList.swift */; };
		651BF49C249855540054CCA5 /* UndoButton.swift in Sources */ = {isa = PBXBuildFile; fileRef = 651BF49B249855540054CCA5 /* UndoButton.swift */; };
		651BF49E24985D8B0054CCA5 /* BonusStats.swift in Sources */ = {isa = PBXBuildFile; fileRef = 651BF49D24985D8B0054CCA5 /* BonusStats.swift */; };
		651BF4A0249861770054CCA5 /* ClearButton.swift in Sources */ = {isa = PBXBuildFile; fileRef = 651BF49F249861770054CCA5 /* ClearButton.swift */; };
/* End PBXBuildFile section */

/* Begin PBXFileReference section */
		651BF43A2496D7230054CCA5 /* Tally Whacker.app */ = {isa = PBXFileReference; explicitFileType = wrapper.application; includeInIndex = 0; path = "Tally Whacker.app"; sourceTree = BUILT_PRODUCTS_DIR; };
		651BF43D2496D7230054CCA5 /* AppDelegate.swift */ = {isa = PBXFileReference; lastKnownFileType = sourcecode.swift; path = AppDelegate.swift; sourceTree = "<group>"; };
		651BF43F2496D7230054CCA5 /* SceneDelegate.swift */ = {isa = PBXFileReference; lastKnownFileType = sourcecode.swift; path = SceneDelegate.swift; sourceTree = "<group>"; };
		651BF4412496D7230054CCA5 /* ContentView.swift */ = {isa = PBXFileReference; lastKnownFileType = sourcecode.swift; path = ContentView.swift; sourceTree = "<group>"; };
		651BF4432496D7240054CCA5 /* Assets.xcassets */ = {isa = PBXFileReference; lastKnownFileType = folder.assetcatalog; path = Assets.xcassets; sourceTree = "<group>"; };
		651BF4462496D7240054CCA5 /* Preview Assets.xcassets */ = {isa = PBXFileReference; lastKnownFileType = folder.assetcatalog; path = "Preview Assets.xcassets"; sourceTree = "<group>"; };
		651BF4492496D7240054CCA5 /* Base */ = {isa = PBXFileReference; lastKnownFileType = file.storyboard; name = Base; path = Base.lproj/LaunchScreen.storyboard; sourceTree = "<group>"; };
		651BF44B2496D7240054CCA5 /* Info.plist */ = {isa = PBXFileReference; lastKnownFileType = text.plist.xml; path = Info.plist; sourceTree = "<group>"; };
		651BF4532496D7930054CCA5 /* Bonus.swift */ = {isa = PBXFileReference; lastKnownFileType = sourcecode.swift; path = Bonus.swift; sourceTree = "<group>"; };
		651BF4552496D79C0054CCA5 /* Data.swift */ = {isa = PBXFileReference; lastKnownFileType = sourcecode.swift; path = Data.swift; sourceTree = "<group>"; };
		651BF4572496D7CC0054CCA5 /* pointValuesBMR.json */ = {isa = PBXFileReference; fileEncoding = 4; lastKnownFileType = text.json; path = pointValuesBMR.json; sourceTree = "<group>"; };
		651BF4592496D7F80054CCA5 /* BonusButton.swift */ = {isa = PBXFileReference; lastKnownFileType = sourcecode.swift; path = BonusButton.swift; sourceTree = "<group>"; };
		651BF45B2496DB8D0054CCA5 /* GridBuilder.swift */ = {isa = PBXFileReference; lastKnownFileType = sourcecode.swift; path = GridBuilder.swift; sourceTree = "<group>"; };
		651BF45D2496DCF00054CCA5 /* bonusList.swift */ = {isa = PBXFileReference; lastKnownFileType = sourcecode.swift; path = bonusList.swift; sourceTree = "<group>"; };
		651BF49B249855540054CCA5 /* UndoButton.swift */ = {isa = PBXFileReference; lastKnownFileType = sourcecode.swift; path = UndoButton.swift; sourceTree = "<group>"; };
		651BF49D24985D8B0054CCA5 /* BonusStats.swift */ = {isa = PBXFileReference; lastKnownFileType = sourcecode.swift; path = BonusStats.swift; sourceTree = "<group>"; };
		651BF49F249861770054CCA5 /* ClearButton.swift */ = {isa = PBXFileReference; lastKnownFileType = sourcecode.swift; path = ClearButton.swift; sourceTree = "<group>"; };
/* End PBXFileReference section */

/* Begin PBXFrameworksBuildPhase section */
		651BF4372496D7230054CCA5 /* Frameworks */ = {
			isa = PBXFrameworksBuildPhase;
			buildActionMask = 2147483647;
			files = (
			);
			runOnlyForDeploymentPostprocessing = 0;
		};
/* End PBXFrameworksBuildPhase section */

/* Begin PBXGroup section */
		651BF4312496D7230054CCA5 = {
			isa = PBXGroup;
			children = (
				651BF43C2496D7230054CCA5 /* Tally Whacker */,
				651BF43B2496D7230054CCA5 /* Products */,
			);
			sourceTree = "<group>";
		};
		651BF43B2496D7230054CCA5 /* Products */ = {
			isa = PBXGroup;
			children = (
				651BF43A2496D7230054CCA5 /* Tally Whacker.app */,
			);
			name = Products;
			sourceTree = "<group>";
		};
		651BF43C2496D7230054CCA5 /* Tally Whacker */ = {
			isa = PBXGroup;
			children = (
				651BF4522496D73A0054CCA5 /* Models */,
				651BF4512496D7310054CCA5 /* Resources */,
				651BF43D2496D7230054CCA5 /* AppDelegate.swift */,
				651BF43F2496D7230054CCA5 /* SceneDelegate.swift */,
				651BF4592496D7F80054CCA5 /* BonusButton.swift */,
				651BF49B249855540054CCA5 /* UndoButton.swift */,
				651BF49F249861770054CCA5 /* ClearButton.swift */,
				651BF4412496D7230054CCA5 /* ContentView.swift */,
				651BF45D2496DCF00054CCA5 /* bonusList.swift */,
				651BF4432496D7240054CCA5 /* Assets.xcassets */,
				651BF4482496D7240054CCA5 /* LaunchScreen.storyboard */,
				651BF44B2496D7240054CCA5 /* Info.plist */,
				651BF4452496D7240054CCA5 /* Preview Content */,
			);
			path = "Tally Whacker";
			sourceTree = "<group>";
		};
		651BF4452496D7240054CCA5 /* Preview Content */ = {
			isa = PBXGroup;
			children = (
				651BF4462496D7240054CCA5 /* Preview Assets.xcassets */,
			);
			path = "Preview Content";
			sourceTree = "<group>";
		};
		651BF4512496D7310054CCA5 /* Resources */ = {
			isa = PBXGroup;
			children = (
				651BF4572496D7CC0054CCA5 /* pointValuesBMR.json */,
			);
			path = Resources;
			sourceTree = "<group>";
		};
		651BF4522496D73A0054CCA5 /* Models */ = {
			isa = PBXGroup;
			children = (
				651BF4532496D7930054CCA5 /* Bonus.swift */,
				651BF4552496D79C0054CCA5 /* Data.swift */,
				651BF45B2496DB8D0054CCA5 /* GridBuilder.swift */,
				651BF49D24985D8B0054CCA5 /* BonusStats.swift */,
			);
			path = Models;
			sourceTree = "<group>";
		};
/* End PBXGroup section */

/* Begin PBXNativeTarget section */
		651BF4392496D7230054CCA5 /* Tally Whacker */ = {
			isa = PBXNativeTarget;
			buildConfigurationList = 651BF44E2496D7240054CCA5 /* Build configuration list for PBXNativeTarget "Tally Whacker" */;
			buildPhases = (
				651BF4362496D7230054CCA5 /* Sources */,
				651BF4372496D7230054CCA5 /* Frameworks */,
				651BF4382496D7230054CCA5 /* Resources */,
			);
			buildRules = (
			);
			dependencies = (
			);
			name = "Tally Whacker";
			productName = "Tally Whacker";
			productReference = 651BF43A2496D7230054CCA5 /* Tally Whacker.app */;
			productType = "com.apple.product-type.application";
		};
/* End PBXNativeTarget section */

/* Begin PBXProject section */
		651BF4322496D7230054CCA5 /* Project object */ = {
			isa = PBXProject;
			attributes = {
				LastSwiftUpdateCheck = 1150;
				LastUpgradeCheck = 1150;
				ORGANIZATIONNAME = "Tommy Craft";
				TargetAttributes = {
					651BF4392496D7230054CCA5 = {
						CreatedOnToolsVersion = 11.5;
					};
				};
			};
			buildConfigurationList = 651BF4352496D7230054CCA5 /* Build configuration list for PBXProject "Tally Whacker" */;
			compatibilityVersion = "Xcode 9.3";
			developmentRegion = en;
			hasScannedForEncodings = 0;
			knownRegions = (
				en,
				Base,
			);
			mainGroup = 651BF4312496D7230054CCA5;
			productRefGroup = 651BF43B2496D7230054CCA5 /* Products */;
			projectDirPath = "";
			projectRoot = "";
			targets = (
				651BF4392496D7230054CCA5 /* Tally Whacker */,
			);
		};
/* End PBXProject section */

/* Begin PBXResourcesBuildPhase section */
		651BF4382496D7230054CCA5 /* Resources */ = {
			isa = PBXResourcesBuildPhase;
			buildActionMask = 2147483647;
			files = (
				651BF44A2496D7240054CCA5 /* LaunchScreen.storyboard in Resources */,
				651BF4472496D7240054CCA5 /* Preview Assets.xcassets in Resources */,
				651BF4582496D7CC0054CCA5 /* pointValuesBMR.json in Resources */,
				651BF4442496D7240054CCA5 /* Assets.xcassets in Resources */,
			);
			runOnlyForDeploymentPostprocessing = 0;
		};
/* End PBXResourcesBuildPhase section */

/* Begin PBXSourcesBuildPhase section */
		651BF4362496D7230054CCA5 /* Sources */ = {
			isa = PBXSourcesBuildPhase;
			buildActionMask = 2147483647;
			files = (
				651BF43E2496D7230054CCA5 /* AppDelegate.swift in Sources */,
				651BF45A2496D7F80054CCA5 /* BonusButton.swift in Sources */,
				651BF4562496D79C0054CCA5 /* Data.swift in Sources */,
				651BF49E24985D8B0054CCA5 /* BonusStats.swift in Sources */,
				651BF49C249855540054CCA5 /* UndoButton.swift in Sources */,
				651BF45C2496DB8D0054CCA5 /* GridBuilder.swift in Sources */,
				651BF4A0249861770054CCA5 /* ClearButton.swift in Sources */,
				651BF4542496D7930054CCA5 /* Bonus.swift in Sources */,
				651BF45E2496DCF00054CCA5 /* bonusList.swift in Sources */,
				651BF4402496D7230054CCA5 /* SceneDelegate.swift in Sources */,
				651BF4422496D7230054CCA5 /* ContentView.swift in Sources */,
			);
			runOnlyForDeploymentPostprocessing = 0;
		};
/* End PBXSourcesBuildPhase section */

/* Begin PBXVariantGroup section */
		651BF4482496D7240054CCA5 /* LaunchScreen.storyboard */ = {
			isa = PBXVariantGroup;
			children = (
				651BF4492496D7240054CCA5 /* Base */,
			);
			name = LaunchScreen.storyboard;
			sourceTree = "<group>";
		};
/* End PBXVariantGroup section */

/* Begin XCBuildConfiguration section */
		651BF44C2496D7240054CCA5 /* Debug */ = {
			isa = XCBuildConfiguration;
			buildSettings = {
				ALWAYS_SEARCH_USER_PATHS = NO;
				CLANG_ANALYZER_NONNULL = YES;
				CLANG_ANALYZER_NUMBER_OBJECT_CONVERSION = YES_AGGRESSIVE;
				CLANG_CXX_LANGUAGE_STANDARD = "gnu++14";
				CLANG_CXX_LIBRARY = "libc++";
				CLANG_ENABLE_MODULES = YES;
				CLANG_ENABLE_OBJC_ARC = YES;
				CLANG_ENABLE_OBJC_WEAK = YES;
				CLANG_WARN_BLOCK_CAPTURE_AUTORELEASING = YES;
				CLANG_WARN_BOOL_CONVERSION = YES;
				CLANG_WARN_COMMA = YES;
				CLANG_WARN_CONSTANT_CONVERSION = YES;
				CLANG_WARN_DEPRECATED_OBJC_IMPLEMENTATIONS = YES;
				CLANG_WARN_DIRECT_OBJC_ISA_USAGE = YES_ERROR;
				CLANG_WARN_DOCUMENTATION_COMMENTS = YES;
				CLANG_WARN_EMPTY_BODY = YES;
				CLANG_WARN_ENUM_CONVERSION = YES;
				CLANG_WARN_INFINITE_RECURSION = YES;
				CLANG_WARN_INT_CONVERSION = YES;
				CLANG_WARN_NON_LITERAL_NULL_CONVERSION = YES;
				CLANG_WARN_OBJC_IMPLICIT_RETAIN_SELF = YES;
				CLANG_WARN_OBJC_LITERAL_CONVERSION = YES;
				CLANG_WARN_OBJC_ROOT_CLASS = YES_ERROR;
				CLANG_WARN_RANGE_LOOP_ANALYSIS = YES;
				CLANG_WARN_STRICT_PROTOTYPES = YES;
				CLANG_WARN_SUSPICIOUS_MOVE = YES;
				CLANG_WARN_UNGUARDED_AVAILABILITY = YES_AGGRESSIVE;
				CLANG_WARN_UNREACHABLE_CODE = YES;
				CLANG_WARN__DUPLICATE_METHOD_MATCH = YES;
				COPY_PHASE_STRIP = NO;
				DEBUG_INFORMATION_FORMAT = dwarf;
				ENABLE_STRICT_OBJC_MSGSEND = YES;
				ENABLE_TESTABILITY = YES;
				GCC_C_LANGUAGE_STANDARD = gnu11;
				GCC_DYNAMIC_NO_PIC = NO;
				GCC_NO_COMMON_BLOCKS = YES;
				GCC_OPTIMIZATION_LEVEL = 0;
				GCC_PREPROCESSOR_DEFINITIONS = (
					"DEBUG=1",
					"$(inherited)",
				);
				GCC_WARN_64_TO_32_BIT_CONVERSION = YES;
				GCC_WARN_ABOUT_RETURN_TYPE = YES_ERROR;
				GCC_WARN_UNDECLARED_SELECTOR = YES;
				GCC_WARN_UNINITIALIZED_AUTOS = YES_AGGRESSIVE;
				GCC_WARN_UNUSED_FUNCTION = YES;
				GCC_WARN_UNUSED_VARIABLE = YES;
				IPHONEOS_DEPLOYMENT_TARGET = 13.5;
				MTL_ENABLE_DEBUG_INFO = INCLUDE_SOURCE;
				MTL_FAST_MATH = YES;
				ONLY_ACTIVE_ARCH = YES;
				SDKROOT = iphoneos;
				SWIFT_ACTIVE_COMPILATION_CONDITIONS = DEBUG;
				SWIFT_OPTIMIZATION_LEVEL = "-Onone";
			};
			name = Debug;
		};
		651BF44D2496D7240054CCA5 /* Release */ = {
			isa = XCBuildConfiguration;
			buildSettings = {
				ALWAYS_SEARCH_USER_PATHS = NO;
				CLANG_ANALYZER_NONNULL = YES;
				CLANG_ANALYZER_NUMBER_OBJECT_CONVERSION = YES_AGGRESSIVE;
				CLANG_CXX_LANGUAGE_STANDARD = "gnu++14";
				CLANG_CXX_LIBRARY = "libc++";
				CLANG_ENABLE_MODULES = YES;
				CLANG_ENABLE_OBJC_ARC = YES;
				CLANG_ENABLE_OBJC_WEAK = YES;
				CLANG_WARN_BLOCK_CAPTURE_AUTORELEASING = YES;
				CLANG_WARN_BOOL_CONVERSION = YES;
				CLANG_WARN_COMMA = YES;
				CLANG_WARN_CONSTANT_CONVERSION = YES;
				CLANG_WARN_DEPRECATED_OBJC_IMPLEMENTATIONS = YES;
				CLANG_WARN_DIRECT_OBJC_ISA_USAGE = YES_ERROR;
				CLANG_WARN_DOCUMENTATION_COMMENTS = YES;
				CLANG_WARN_EMPTY_BODY = YES;
				CLANG_WARN_ENUM_CONVERSION = YES;
				CLANG_WARN_INFINITE_RECURSION = YES;
				CLANG_WARN_INT_CONVERSION = YES;
				CLANG_WARN_NON_LITERAL_NULL_CONVERSION = YES;
				CLANG_WARN_OBJC_IMPLICIT_RETAIN_SELF = YES;
				CLANG_WARN_OBJC_LITERAL_CONVERSION = YES;
				CLANG_WARN_OBJC_ROOT_CLASS = YES_ERROR;
				CLANG_WARN_RANGE_LOOP_ANALYSIS = YES;
				CLANG_WARN_STRICT_PROTOTYPES = YES;
				CLANG_WARN_SUSPICIOUS_MOVE = YES;
				CLANG_WARN_UNGUARDED_AVAILABILITY = YES_AGGRESSIVE;
				CLANG_WARN_UNREACHABLE_CODE = YES;
				CLANG_WARN__DUPLICATE_METHOD_MATCH = YES;
				COPY_PHASE_STRIP = NO;
				DEBUG_INFORMATION_FORMAT = "dwarf-with-dsym";
				ENABLE_NS_ASSERTIONS = NO;
				ENABLE_STRICT_OBJC_MSGSEND = YES;
				GCC_C_LANGUAGE_STANDARD = gnu11;
				GCC_NO_COMMON_BLOCKS = YES;
				GCC_WARN_64_TO_32_BIT_CONVERSION = YES;
				GCC_WARN_ABOUT_RETURN_TYPE = YES_ERROR;
				GCC_WARN_UNDECLARED_SELECTOR = YES;
				GCC_WARN_UNINITIALIZED_AUTOS = YES_AGGRESSIVE;
				GCC_WARN_UNUSED_FUNCTION = YES;
				GCC_WARN_UNUSED_VARIABLE = YES;
				IPHONEOS_DEPLOYMENT_TARGET = 13.5;
				MTL_ENABLE_DEBUG_INFO = NO;
				MTL_FAST_MATH = YES;
				SDKROOT = iphoneos;
				SWIFT_COMPILATION_MODE = wholemodule;
				SWIFT_OPTIMIZATION_LEVEL = "-O";
				VALIDATE_PRODUCT = YES;
			};
			name = Release;
		};
		651BF44F2496D7240054CCA5 /* Debug */ = {
			isa = XCBuildConfiguration;
			buildSettings = {
				ASSETCATALOG_COMPILER_APPICON_NAME = AppIcon;
				CODE_SIGN_STYLE = Automatic;
				DEVELOPMENT_ASSET_PATHS = "\"Tally Whacker/Preview Content\"";
				DEVELOPMENT_TEAM = 8XHY7EQ7TE;
				ENABLE_PREVIEWS = YES;
				INFOPLIST_FILE = "Tally Whacker/Info.plist";
				LD_RUNPATH_SEARCH_PATHS = (
					"$(inherited)",
					"@executable_path/Frameworks",
				);
				PRODUCT_BUNDLE_IDENTIFIER = "net.tommyc.Tally-Whacker";
				PRODUCT_NAME = "$(TARGET_NAME)";
				SWIFT_VERSION = 5.0;
				TARGETED_DEVICE_FAMILY = "1,2";
			};
			name = Debug;
		};
		651BF4502496D7240054CCA5 /* Release */ = {
			isa = XCBuildConfiguration;
			buildSettings = {
				ASSETCATALOG_COMPILER_APPICON_NAME = AppIcon;
				CODE_SIGN_STYLE = Automatic;
				DEVELOPMENT_ASSET_PATHS = "\"Tally Whacker/Preview Content\"";
				DEVELOPMENT_TEAM = 8XHY7EQ7TE;
				ENABLE_PREVIEWS = YES;
				INFOPLIST_FILE = "Tally Whacker/Info.plist";
				LD_RUNPATH_SEARCH_PATHS = (
					"$(inherited)",
					"@executable_path/Frameworks",
				);
				PRODUCT_BUNDLE_IDENTIFIER = "net.tommyc.Tally-Whacker";
				PRODUCT_NAME = "$(TARGET_NAME)";
				SWIFT_VERSION = 5.0;
				TARGETED_DEVICE_FAMILY = "1,2";
			};
			name = Release;
		};
/* End XCBuildConfiguration section */

/* Begin XCConfigurationList section */
		651BF4352496D7230054CCA5 /* Build configuration list for PBXProject "Tally Whacker" */ = {
			isa = XCConfigurationList;
			buildConfigurations = (
				651BF44C2496D7240054CCA5 /* Debug */,
				651BF44D2496D7240054CCA5 /* Release */,
			);
			defaultConfigurationIsVisible = 0;
			defaultConfigurationName = Release;
		};
		651BF44E2496D7240054CCA5 /* Build configuration list for PBXNativeTarget "Tally Whacker" */ = {
			isa = XCConfigurationList;
			buildConfigurations = (
				651BF44F2496D7240054CCA5 /* Debug */,
				651BF4502496D7240054CCA5 /* Release */,
			);
			defaultConfigurationIsVisible = 0;
			defaultConfigurationName = Release;
		};
/* End XCConfigurationList section */
	};
	rootObject = 651BF4322496D7230054CCA5 /* Project object */;
}
